Microsoft Visual Studio Solution File, Format Version 12.00
# Visual Studio Version 17
VisualStudioVersion = 17.14.36202.13 d17.14
MinimumVisualStudioVersion = 10.0.40219.1
Project("{FAE04EC0-301F-11D3-BF4B-00C04F79EFBC}") = "AspireAppWithRedis8Modules.AppHost", "AspireAppWithRedis8Modules.AppHost\AspireAppWithRedis8Modules.AppHost.csproj", "{BDE768B9-FE0A-4426-876F-2CBCC846A058}"
EndProject
Project("{FAE04EC0-301F-11D3-BF4B-00C04F79EFBC}") = "AspireAppWithRedis8Modules.ServiceDefaults", "AspireAppWithRedis8Modules.ServiceDefaults\AspireAppWithRedis8Modules.ServiceDefaults.csproj", "{0655686F-A0FB-677E-48C3-DE6335513A2D}"
EndProject
Global
	GlobalSection(SolutionConfigurationPlatforms) = preSolution
		Debug|Any CPU = Debug|Any CPU
		Release|Any CPU = Release|Any CPU
	EndGlobalSection
	GlobalSection(ProjectConfigurationPlatforms) = postSolution
		{BDE768B9-FE0A-4426-876F-2CBCC846A058}.Debug|Any CPU.ActiveCfg = Debug|Any CPU
		{BDE768B9-FE0A-4426-876F-2CBCC846A058}.Debug|Any CPU.Build.0 = Debug|Any CPU
		{BDE768B9-FE0A-4426-876F-2CBCC846A058}.Release|Any CPU.ActiveCfg = Release|Any CPU
		{BDE768B9-FE0A-4426-876F-2CBCC846A058}.Release|Any CPU.Build.0 = Release|Any CPU
		{0655686F-A0FB-677E-48C3-DE6335513A2D}.Debug|Any CPU.ActiveCfg = Debug|Any CPU
		{0655686F-A0FB-677E-48C3-DE6335513A2D}.Debug|Any CPU.Build.0 = Debug|Any CPU
		{0655686F-A0FB-677E-48C3-DE6335513A2D}.Release|Any CPU.ActiveCfg = Release|Any CPU
		{0655686F-A0FB-677E-48C3-DE6335513A2D}.Release|Any CPU.Build.0 = Release|Any CPU
	EndGlobalSection
	GlobalSection(SolutionProperties) = preSolution
		HideSolutionNode = FALSE
	EndGlobalSection
	GlobalSection(ExtensibilityGlobals) = postSolution
		SolutionGuid = {92550E9B-1B38-4612-92A2-D10EA4885A13}
	EndGlobalSection
EndGlobal
